
Microsoft Visual Studio Solution File, Format Version 12.00
# Visual Studio Version 17
VisualStudioVersion = 17.0.31903.59
MinimumVisualStudioVersion = 10.0.40219.1
Project("{2150E333-8FDC-42A3-9474-1A3956D46DE8}") = "src", "src", "{827E0CD3-B72D-47B6-A68D-7590B98EB39B}"
EndProject
Project("{2150E333-8FDC-42A3-9474-1A3956D46DE8}") = "Shared", "Shared", "{C8E42992-5E42-0C2B-DBFE-AA848D06431C}"
EndProject
Project("{FAE04EC0-301F-11D3-BF4B-00C04F79EFBC}") = "Paire.Shared.Kernel", "src\Shared\Paire.Shared.Kernel\Paire.Shared.Kernel.csproj", "{01F79FF2-3D6E-4258-9CA9-FA20C19E0662}"
EndProject
Project("{FAE04EC0-301F-11D3-BF4B-00C04F79EFBC}") = "Paire.Shared.Infrastructure", "src\Shared\Paire.Shared.Infrastructure\Paire.Shared.Infrastructure.csproj", "{399B2C07-24FC-43F6-BFFA-9B0D31CA6196}"
EndProject
Project("{2150E333-8FDC-42A3-9474-1A3956D46DE8}") = "Host", "Host", "{981C2CF6-E5BB-602A-511C-234B538302B0}"
EndProject
Project("{FAE04EC0-301F-11D3-BF4B-00C04F79EFBC}") = "Paire.Api", "src\Host\Paire.Api\Paire.Api.csproj", "{DD87F5FC-84C1-4376-986C-DE35E0A0332A}"
EndProject
Project("{2150E333-8FDC-42A3-9474-1A3956D46DE8}") = "Modules", "Modules", "{EC447DCF-ABFA-6E24-52A5-D7FD48A5C558}"
EndProject
Project("{FAE04EC0-301F-11D3-BF4B-00C04F79EFBC}") = "Paire.Modules.Identity", "src\Modules\Paire.Modules.Identity\Paire.Modules.Identity.csproj", "{C30F28AF-A291-4D47-BA19-A37E92020A22}"
EndProject
Project("{FAE04EC0-301F-11D3-BF4B-00C04F79EFBC}") = "Paire.Modules.Finance", "src\Modules\Paire.Modules.Finance\Paire.Modules.Finance.csproj", "{DD6EFAA1-D58E-4E4D-8700-23BC0679C8B6}"
EndProject
Project("{FAE04EC0-301F-11D3-BF4B-00C04F79EFBC}") = "Paire.Modules.Partnership", "src\Modules\Paire.Modules.Partnership\Paire.Modules.Partnership.csproj", "{398FA3F0-D490-464D-A39F-8D5800671936}"
EndProject
Project("{FAE04EC0-301F-11D3-BF4B-00C04F79EFBC}") = "Paire.Modules.Travel", "src\Modules\Paire.Modules.Travel\Paire.Modules.Travel.csproj", "{B48D7B85-CF74-44C6-BF95-3530789CCE2A}"
EndProject
Project("{FAE04EC0-301F-11D3-BF4B-00C04F79EFBC}") = "Paire.Modules.Shopping", "src\Modules\Paire.Modules.Shopping\Paire.Modules.Shopping.csproj", "{BF737E1D-BEE5-41C9-A3CD-A57FD6B2B365}"
EndProject
Project("{FAE04EC0-301F-11D3-BF4B-00C04F79EFBC}") = "Paire.Modules.Analytics", "src\Modules\Paire.Modules.Analytics\Paire.Modules.Analytics.csproj", "{272BF263-E388-42E1-B0A4-E5D9C76B56D1}"
EndProject
Project("{FAE04EC0-301F-11D3-BF4B-00C04F79EFBC}") = "Paire.Modules.AI", "src\Modules\Paire.Modules.AI\Paire.Modules.AI.csproj", "{85EE13E1-76EE-4870-A5A0-3F41650B603B}"
EndProject
Project("{FAE04EC0-301F-11D3-BF4B-00C04F79EFBC}") = "Paire.Modules.Gamification", "src\Modules\Paire.Modules.Gamification\Paire.Modules.Gamification.csproj", "{D08C645B-4D47-4219-89D7-F412D809B517}"
EndProject
Project("{FAE04EC0-301F-11D3-BF4B-00C04F79EFBC}") = "Paire.Modules.Notifications", "src\Modules\Paire.Modules.Notifications\Paire.Modules.Notifications.csproj", "{5B9C8A9E-AD08-4A05-BADC-16C3A3D8929A}"
EndProject
Project("{FAE04EC0-301F-11D3-BF4B-00C04F79EFBC}") = "Paire.Modules.Banking", "src\Modules\Paire.Modules.Banking\Paire.Modules.Banking.csproj", "{06BDCC5B-8135-42EE-A6B4-2FD5E1E7616C}"
EndProject
Project("{FAE04EC0-301F-11D3-BF4B-00C04F79EFBC}") = "Paire.Modules.Admin", "src\Modules\Paire.Modules.Admin\Paire.Modules.Admin.csproj", "{F9737E3B-2758-44B1-8BF4-1B192A14498D}"
EndProject
Project("{FAE04EC0-301F-11D3-BF4B-00C04F79EFBC}") = "YouAndMeExpenses.Tests", "YouAndMeExpenses.Tests\YouAndMeExpenses.Tests.csproj", "{A1B2C3D4-E5F6-7890-ABCD-EF1234567890}"
EndProject
Global
	GlobalSection(SolutionConfigurationPlatforms) = preSolution
		Debug|Any CPU = Debug|Any CPU
		Debug|x64 = Debug|x64
		Debug|x86 = Debug|x86
		Release|Any CPU = Release|Any CPU
		Release|x64 = Release|x64
		Release|x86 = Release|x86
	EndGlobalSection
	GlobalSection(ProjectConfigurationPlatforms) = postSolution
		{01F79FF2-3D6E-4258-9CA9-FA20C19E0662}.Debug|Any CPU.ActiveCfg = Debug|Any CPU
		{01F79FF2-3D6E-4258-9CA9-FA20C19E0662}.Debug|Any CPU.Build.0 = Debug|Any CPU
		{01F79FF2-3D6E-4258-9CA9-FA20C19E0662}.Debug|x64.ActiveCfg = Debug|Any CPU
		{01F79FF2-3D6E-4258-9CA9-FA20C19E0662}.Debug|x64.Build.0 = Debug|Any CPU
		{01F79FF2-3D6E-4258-9CA9-FA20C19E0662}.Debug|x86.ActiveCfg = Debug|Any CPU
		{01F79FF2-3D6E-4258-9CA9-FA20C19E0662}.Debug|x86.Build.0 = Debug|Any CPU
		{01F79FF2-3D6E-4258-9CA9-FA20C19E0662}.Release|Any CPU.ActiveCfg = Release|Any CPU
		{01F79FF2-3D6E-4258-9CA9-FA20C19E0662}.Release|Any CPU.Build.0 = Release|Any CPU
		{01F79FF2-3D6E-4258-9CA9-FA20C19E0662}.Release|x64.ActiveCfg = Release|Any CPU
		{01F79FF2-3D6E-4258-9CA9-FA20C19E0662}.Release|x64.Build.0 = Release|Any CPU
		{01F79FF2-3D6E-4258-9CA9-FA20C19E0662}.Release|x86.ActiveCfg = Release|Any CPU
		{01F79FF2-3D6E-4258-9CA9-FA20C19E0662}.Release|x86.Build.0 = Release|Any CPU
		{399B2C07-24FC-43F6-BFFA-9B0D31CA6196}.Debug|Any CPU.ActiveCfg = Debug|Any CPU
		{399B2C07-24FC-43F6-BFFA-9B0D31CA6196}.Debug|Any CPU.Build.0 = Debug|Any CPU
		{399B2C07-24FC-43F6-BFFA-9B0D31CA6196}.Debug|x64.ActiveCfg = Debug|Any CPU
		{399B2C07-24FC-43F6-BFFA-9B0D31CA6196}.Debug|x64.Build.0 = Debug|Any CPU
		{399B2C07-24FC-43F6-BFFA-9B0D31CA6196}.Debug|x86.ActiveCfg = Debug|Any CPU
		{399B2C07-24FC-43F6-BFFA-9B0D31CA6196}.Debug|x86.Build.0 = Debug|Any CPU
		{399B2C07-24FC-43F6-BFFA-9B0D31CA6196}.Release|Any CPU.ActiveCfg = Release|Any CPU
		{399B2C07-24FC-43F6-BFFA-9B0D31CA6196}.Release|Any CPU.Build.0 = Release|Any CPU
		{399B2C07-24FC-43F6-BFFA-9B0D31CA6196}.Release|x64.ActiveCfg = Release|Any CPU
		{399B2C07-24FC-43F6-BFFA-9B0D31CA6196}.Release|x64.Build.0 = Release|Any CPU
		{399B2C07-24FC-43F6-BFFA-9B0D31CA6196}.Release|x86.ActiveCfg = Release|Any CPU
		{399B2C07-24FC-43F6-BFFA-9B0D31CA6196}.Release|x86.Build.0 = Release|Any CPU
		{DD87F5FC-84C1-4376-986C-DE35E0A0332A}.Debug|Any CPU.ActiveCfg = Debug|Any CPU
		{DD87F5FC-84C1-4376-986C-DE35E0A0332A}.Debug|Any CPU.Build.0 = Debug|Any CPU
		{DD87F5FC-84C1-4376-986C-DE35E0A0332A}.Debug|x64.ActiveCfg = Debug|Any CPU
		{DD87F5FC-84C1-4376-986C-DE35E0A0332A}.Debug|x64.Build.0 = Debug|Any CPU
		{DD87F5FC-84C1-4376-986C-DE35E0A0332A}.Debug|x86.ActiveCfg = Debug|Any CPU
		{DD87F5FC-84C1-4376-986C-DE35E0A0332A}.Debug|x86.Build.0 = Debug|Any CPU
		{DD87F5FC-84C1-4376-986C-DE35E0A0332A}.Release|Any CPU.ActiveCfg = Release|Any CPU
		{DD87F5FC-84C1-4376-986C-DE35E0A0332A}.Release|Any CPU.Build.0 = Release|Any CPU
		{DD87F5FC-84C1-4376-986C-DE35E0A0332A}.Release|x64.ActiveCfg = Release|Any CPU
		{DD87F5FC-84C1-4376-986C-DE35E0A0332A}.Release|x64.Build.0 = Release|Any CPU
		{DD87F5FC-84C1-4376-986C-DE35E0A0332A}.Release|x86.ActiveCfg = Release|Any CPU
		{DD87F5FC-84C1-4376-986C-DE35E0A0332A}.Release|x86.Build.0 = Release|Any CPU
		{C30F28AF-A291-4D47-BA19-A37E92020A22}.Debug|Any CPU.ActiveCfg = Debug|Any CPU
		{C30F28AF-A291-4D47-BA19-A37E92020A22}.Debug|Any CPU.Build.0 = Debug|Any CPU
		{C30F28AF-A291-4D47-BA19-A37E92020A22}.Debug|x64.ActiveCfg = Debug|Any CPU
		{C30F28AF-A291-4D47-BA19-A37E92020A22}.Debug|x64.Build.0 = Debug|Any CPU
		{C30F28AF-A291-4D47-BA19-A37E92020A22}.Debug|x86.ActiveCfg = Debug|Any CPU
		{C30F28AF-A291-4D47-BA19-A37E92020A22}.Debug|x86.Build.0 = Debug|Any CPU
		{C30F28AF-A291-4D47-BA19-A37E92020A22}.Release|Any CPU.ActiveCfg = Release|Any CPU
		{C30F28AF-A291-4D47-BA19-A37E92020A22}.Release|Any CPU.Build.0 = Release|Any CPU
		{C30F28AF-A291-4D47-BA19-A37E92020A22}.Release|x64.ActiveCfg = Release|Any CPU
		{C30F28AF-A291-4D47-BA19-A37E92020A22}.Release|x64.Build.0 = Release|Any CPU
		{C30F28AF-A291-4D47-BA19-A37E92020A22}.Release|x86.ActiveCfg = Release|Any CPU
		{C30F28AF-A291-4D47-BA19-A37E92020A22}.Release|x86.Build.0 = Release|Any CPU
		{DD6EFAA1-D58E-4E4D-8700-23BC0679C8B6}.Debug|Any CPU.ActiveCfg = Debug|Any CPU
		{DD6EFAA1-D58E-4E4D-8700-23BC0679C8B6}.Debug|Any CPU.Build.0 = Debug|Any CPU
		{DD6EFAA1-D58E-4E4D-8700-23BC0679C8B6}.Debug|x64.ActiveCfg = Debug|Any CPU
		{DD6EFAA1-D58E-4E4D-8700-23BC0679C8B6}.Debug|x64.Build.0 = Debug|Any CPU
		{DD6EFAA1-D58E-4E4D-8700-23BC0679C8B6}.Debug|x86.ActiveCfg = Debug|Any CPU
		{DD6EFAA1-D58E-4E4D-8700-23BC0679C8B6}.Debug|x86.Build.0 = Debug|Any CPU
		{DD6EFAA1-D58E-4E4D-8700-23BC0679C8B6}.Release|Any CPU.ActiveCfg = Release|Any CPU
		{DD6EFAA1-D58E-4E4D-8700-23BC0679C8B6}.Release|Any CPU.Build.0 = Release|Any CPU
		{DD6EFAA1-D58E-4E4D-8700-23BC0679C8B6}.Release|x64.ActiveCfg = Release|Any CPU
		{DD6EFAA1-D58E-4E4D-8700-23BC0679C8B6}.Release|x64.Build.0 = Release|Any CPU
		{DD6EFAA1-D58E-4E4D-8700-23BC0679C8B6}.Release|x86.ActiveCfg = Release|Any CPU
		{DD6EFAA1-D58E-4E4D-8700-23BC0679C8B6}.Release|x86.Build.0 = Release|Any CPU
		{398FA3F0-D490-464D-A39F-8D5800671936}.Debug|Any CPU.ActiveCfg = Debug|Any CPU
		{398FA3F0-D490-464D-A39F-8D5800671936}.Debug|Any CPU.Build.0 = Debug|Any CPU
		{398FA3F0-D490-464D-A39F-8D5800671936}.Debug|x64.ActiveCfg = Debug|Any CPU
		{398FA3F0-D490-464D-A39F-8D5800671936}.Debug|x64.Build.0 = Debug|Any CPU
		{398FA3F0-D490-464D-A39F-8D5800671936}.Debug|x86.ActiveCfg = Debug|Any CPU
		{398FA3F0-D490-464D-A39F-8D5800671936}.Debug|x86.Build.0 = Debug|Any CPU
		{398FA3F0-D490-464D-A39F-8D5800671936}.Release|Any CPU.ActiveCfg = Release|Any CPU
		{398FA3F0-D490-464D-A39F-8D5800671936}.Release|Any CPU.Build.0 = Release|Any CPU
		{398FA3F0-D490-464D-A39F-8D5800671936}.Release|x64.ActiveCfg = Release|Any CPU
		{398FA3F0-D490-464D-A39F-8D5800671936}.Release|x64.Build.0 = Release|Any CPU
		{398FA3F0-D490-464D-A39F-8D5800671936}.Release|x86.ActiveCfg = Release|Any CPU
		{398FA3F0-D490-464D-A39F-8D5800671936}.Release|x86.Build.0 = Release|Any CPU
		{B48D7B85-CF74-44C6-BF95-3530789CCE2A}.Debug|Any CPU.ActiveCfg = Debug|Any CPU
		{B48D7B85-CF74-44C6-BF95-3530789CCE2A}.Debug|Any CPU.Build.0 = Debug|Any CPU
		{B48D7B85-CF74-44C6-BF95-3530789CCE2A}.Debug|x64.ActiveCfg = Debug|Any CPU
		{B48D7B85-CF74-44C6-BF95-3530789CCE2A}.Debug|x64.Build.0 = Debug|Any CPU
		{B48D7B85-CF74-44C6-BF95-3530789CCE2A}.Debug|x86.ActiveCfg = Debug|Any CPU
		{B48D7B85-CF74-44C6-BF95-3530789CCE2A}.Debug|x86.Build.0 = Debug|Any CPU
		{B48D7B85-CF74-44C6-BF95-3530789CCE2A}.Release|Any CPU.ActiveCfg = Release|Any CPU
		{B48D7B85-CF74-44C6-BF95-3530789CCE2A}.Release|Any CPU.Build.0 = Release|Any CPU
		{B48D7B85-CF74-44C6-BF95-3530789CCE2A}.Release|x64.ActiveCfg = Release|Any CPU
		{B48D7B85-CF74-44C6-BF95-3530789CCE2A}.Release|x64.Build.0 = Release|Any CPU
		{B48D7B85-CF74-44C6-BF95-3530789CCE2A}.Release|x86.ActiveCfg = Release|Any CPU
		{B48D7B85-CF74-44C6-BF95-3530789CCE2A}.Release|x86.Build.0 = Release|Any CPU
		{BF737E1D-BEE5-41C9-A3CD-A57FD6B2B365}.Debug|Any CPU.ActiveCfg = Debug|Any CPU
		{BF737E1D-BEE5-41C9-A3CD-A57FD6B2B365}.Debug|Any CPU.Build.0 = Debug|Any CPU
		{BF737E1D-BEE5-41C9-A3CD-A57FD6B2B365}.Debug|x64.ActiveCfg = Debug|Any CPU
		{BF737E1D-BEE5-41C9-A3CD-A57FD6B2B365}.Debug|x64.Build.0 = Debug|Any CPU
		{BF737E1D-BEE5-41C9-A3CD-A57FD6B2B365}.Debug|x86.ActiveCfg = Debug|Any CPU
		{BF737E1D-BEE5-41C9-A3CD-A57FD6B2B365}.Debug|x86.Build.0 = Debug|Any CPU
		{BF737E1D-BEE5-41C9-A3CD-A57FD6B2B365}.Release|Any CPU.ActiveCfg = Release|Any CPU
		{BF737E1D-BEE5-41C9-A3CD-A57FD6B2B365}.Release|Any CPU.Build.0 = Release|Any CPU
		{BF737E1D-BEE5-41C9-A3CD-A57FD6B2B365}.Release|x64.ActiveCfg = Release|Any CPU
		{BF737E1D-BEE5-41C9-A3CD-A57FD6B2B365}.Release|x64.Build.0 = Release|Any CPU
		{BF737E1D-BEE5-41C9-A3CD-A57FD6B2B365}.Release|x86.ActiveCfg = Release|Any CPU
		{BF737E1D-BEE5-41C9-A3CD-A57FD6B2B365}.Release|x86.Build.0 = Release|Any CPU
		{272BF263-E388-42E1-B0A4-E5D9C76B56D1}.Debug|Any CPU.ActiveCfg = Debug|Any CPU
		{272BF263-E388-42E1-B0A4-E5D9C76B56D1}.Debug|Any CPU.Build.0 = Debug|Any CPU
		{272BF263-E388-42E1-B0A4-E5D9C76B56D1}.Debug|x64.ActiveCfg = Debug|Any CPU
		{272BF263-E388-42E1-B0A4-E5D9C76B56D1}.Debug|x64.Build.0 = Debug|Any CPU
		{272BF263-E388-42E1-B0A4-E5D9C76B56D1}.Debug|x86.ActiveCfg = Debug|Any CPU
		{272BF263-E388-42E1-B0A4-E5D9C76B56D1}.Debug|x86.Build.0 = Debug|Any CPU
		{272BF263-E388-42E1-B0A4-E5D9C76B56D1}.Release|Any CPU.ActiveCfg = Release|Any CPU
		{272BF263-E388-42E1-B0A4-E5D9C76B56D1}.Release|Any CPU.Build.0 = Release|Any CPU
		{272BF263-E388-42E1-B0A4-E5D9C76B56D1}.Release|x64.ActiveCfg = Release|Any CPU
		{272BF263-E388-42E1-B0A4-E5D9C76B56D1}.Release|x64.Build.0 = Release|Any CPU
		{272BF263-E388-42E1-B0A4-E5D9C76B56D1}.Release|x86.ActiveCfg = Release|Any CPU
		{272BF263-E388-42E1-B0A4-E5D9C76B56D1}.Release|x86.Build.0 = Release|Any CPU
		{85EE13E1-76EE-4870-A5A0-3F41650B603B}.Debug|Any CPU.ActiveCfg = Debug|Any CPU
		{85EE13E1-76EE-4870-A5A0-3F41650B603B}.Debug|Any CPU.Build.0 = Debug|Any CPU
		{85EE13E1-76EE-4870-A5A0-3F41650B603B}.Debug|x64.ActiveCfg = Debug|Any CPU
		{85EE13E1-76EE-4870-A5A0-3F41650B603B}.Debug|x64.Build.0 = Debug|Any CPU
		{85EE13E1-76EE-4870-A5A0-3F41650B603B}.Debug|x86.ActiveCfg = Debug|Any CPU
		{85EE13E1-76EE-4870-A5A0-3F41650B603B}.Debug|x86.Build.0 = Debug|Any CPU
		{85EE13E1-76EE-4870-A5A0-3F41650B603B}.Release|Any CPU.ActiveCfg = Release|Any CPU
		{85EE13E1-76EE-4870-A5A0-3F41650B603B}.Release|Any CPU.Build.0 = Release|Any CPU
		{85EE13E1-76EE-4870-A5A0-3F41650B603B}.Release|x64.ActiveCfg = Release|Any CPU
		{85EE13E1-76EE-4870-A5A0-3F41650B603B}.Release|x64.Build.0 = Release|Any CPU
		{85EE13E1-76EE-4870-A5A0-3F41650B603B}.Release|x86.ActiveCfg = Release|Any CPU
		{85EE13E1-76EE-4870-A5A0-3F41650B603B}.Release|x86.Build.0 = Release|Any CPU
		{D08C645B-4D47-4219-89D7-F412D809B517}.Debug|Any CPU.ActiveCfg = Debug|Any CPU
		{D08C645B-4D47-4219-89D7-F412D809B517}.Debug|Any CPU.Build.0 = Debug|Any CPU
		{D08C645B-4D47-4219-89D7-F412D809B517}.Debug|x64.ActiveCfg = Debug|Any CPU
		{D08C645B-4D47-4219-89D7-F412D809B517}.Debug|x64.Build.0 = Debug|Any CPU
		{D08C645B-4D47-4219-89D7-F412D809B517}.Debug|x86.ActiveCfg = Debug|Any CPU
		{D08C645B-4D47-4219-89D7-F412D809B517}.Debug|x86.Build.0 = Debug|Any CPU
		{D08C645B-4D47-4219-89D7-F412D809B517}.Release|Any CPU.ActiveCfg = Release|Any CPU
		{D08C645B-4D47-4219-89D7-F412D809B517}.Release|Any CPU.Build.0 = Release|Any CPU
		{D08C645B-4D47-4219-89D7-F412D809B517}.Release|x64.ActiveCfg = Release|Any CPU
		{D08C645B-4D47-4219-89D7-F412D809B517}.Release|x64.Build.0 = Release|Any CPU
		{D08C645B-4D47-4219-89D7-F412D809B517}.Release|x86.ActiveCfg = Release|Any CPU
		{D08C645B-4D47-4219-89D7-F412D809B517}.Release|x86.Build.0 = Release|Any CPU
		{5B9C8A9E-AD08-4A05-BADC-16C3A3D8929A}.Debug|Any CPU.ActiveCfg = Debug|Any CPU
		{5B9C8A9E-AD08-4A05-BADC-16C3A3D8929A}.Debug|Any CPU.Build.0 = Debug|Any CPU
		{5B9C8A9E-AD08-4A05-BADC-16C3A3D8929A}.Debug|x64.ActiveCfg = Debug|Any CPU
		{5B9C8A9E-AD08-4A05-BADC-16C3A3D8929A}.Debug|x64.Build.0 = Debug|Any CPU
		{5B9C8A9E-AD08-4A05-BADC-16C3A3D8929A}.Debug|x86.ActiveCfg = Debug|Any CPU
		{5B9C8A9E-AD08-4A05-BADC-16C3A3D8929A}.Debug|x86.Build.0 = Debug|Any CPU
		{5B9C8A9E-AD08-4A05-BADC-16C3A3D8929A}.Release|Any CPU.ActiveCfg = Release|Any CPU
		{5B9C8A9E-AD08-4A05-BADC-16C3A3D8929A}.Release|Any CPU.Build.0 = Release|Any CPU
		{5B9C8A9E-AD08-4A05-BADC-16C3A3D8929A}.Release|x64.ActiveCfg = Release|Any CPU
		{5B9C8A9E-AD08-4A05-BADC-16C3A3D8929A}.Release|x64.Build.0 = Release|Any CPU
		{5B9C8A9E-AD08-4A05-BADC-16C3A3D8929A}.Release|x86.ActiveCfg = Release|Any CPU
		{5B9C8A9E-AD08-4A05-BADC-16C3A3D8929A}.Release|x86.Build.0 = Release|Any CPU
		{06BDCC5B-8135-42EE-A6B4-2FD5E1E7616C}.Debug|Any CPU.ActiveCfg = Debug|Any CPU
		{06BDCC5B-8135-42EE-A6B4-2FD5E1E7616C}.Debug|Any CPU.Build.0 = Debug|Any CPU
		{06BDCC5B-8135-42EE-A6B4-2FD5E1E7616C}.Debug|x64.ActiveCfg = Debug|Any CPU
		{06BDCC5B-8135-42EE-A6B4-2FD5E1E7616C}.Debug|x64.Build.0 = Debug|Any CPU
		{06BDCC5B-8135-42EE-A6B4-2FD5E1E7616C}.Debug|x86.ActiveCfg = Debug|Any CPU
		{06BDCC5B-8135-42EE-A6B4-2FD5E1E7616C}.Debug|x86.Build.0 = Debug|Any CPU
		{06BDCC5B-8135-42EE-A6B4-2FD5E1E7616C}.Release|Any CPU.ActiveCfg = Release|Any CPU
		{06BDCC5B-8135-42EE-A6B4-2FD5E1E7616C}.Release|Any CPU.Build.0 = Release|Any CPU
		{06BDCC5B-8135-42EE-A6B4-2FD5E1E7616C}.Release|x64.ActiveCfg = Release|Any CPU
		{06BDCC5B-8135-42EE-A6B4-2FD5E1E7616C}.Release|x64.Build.0 = Release|Any CPU
		{06BDCC5B-8135-42EE-A6B4-2FD5E1E7616C}.Release|x86.ActiveCfg = Release|Any CPU
		{06BDCC5B-8135-42EE-A6B4-2FD5E1E7616C}.Release|x86.Build.0 = Release|Any CPU
		{F9737E3B-2758-44B1-8BF4-1B192A14498D}.Debug|Any CPU.ActiveCfg = Debug|Any CPU
		{F9737E3B-2758-44B1-8BF4-1B192A14498D}.Debug|Any CPU.Build.0 = Debug|Any CPU
		{F9737E3B-2758-44B1-8BF4-1B192A14498D}.Debug|x64.ActiveCfg = Debug|Any CPU
		{F9737E3B-2758-44B1-8BF4-1B192A14498D}.Debug|x64.Build.0 = Debug|Any CPU
		{F9737E3B-2758-44B1-8BF4-1B192A14498D}.Debug|x86.ActiveCfg = Debug|Any CPU
		{F9737E3B-2758-44B1-8BF4-1B192A14498D}.Debug|x86.Build.0 = Debug|Any CPU
		{F9737E3B-2758-44B1-8BF4-1B192A14498D}.Release|Any CPU.ActiveCfg = Release|Any CPU
		{F9737E3B-2758-44B1-8BF4-1B192A14498D}.Release|Any CPU.Build.0 = Release|Any CPU
		{F9737E3B-2758-44B1-8BF4-1B192A14498D}.Release|x64.ActiveCfg = Release|Any CPU
		{F9737E3B-2758-44B1-8BF4-1B192A14498D}.Release|x64.Build.0 = Release|Any CPU
		{F9737E3B-2758-44B1-8BF4-1B192A14498D}.Release|x86.ActiveCfg = Release|Any CPU
		{F9737E3B-2758-44B1-8BF4-1B192A14498D}.Release|x86.Build.0 = Release|Any CPU
		{A1B2C3D4-E5F6-7890-ABCD-EF1234567890}.Debug|Any CPU.ActiveCfg = Debug|Any CPU
		{A1B2C3D4-E5F6-7890-ABCD-EF1234567890}.Debug|Any CPU.Build.0 = Debug|Any CPU
		{A1B2C3D4-E5F6-7890-ABCD-EF1234567890}.Release|Any CPU.ActiveCfg = Release|Any CPU
		{A1B2C3D4-E5F6-7890-ABCD-EF1234567890}.Release|Any CPU.Build.0 = Release|Any CPU
	EndGlobalSection
	GlobalSection(SolutionProperties) = preSolution
		HideSolutionNode = FALSE
	EndGlobalSection
	GlobalSection(NestedProjects) = preSolution
		{C8E42992-5E42-0C2B-DBFE-AA848D06431C} = {827E0CD3-B72D-47B6-A68D-7590B98EB39B}
		{01F79FF2-3D6E-4258-9CA9-FA20C19E0662} = {C8E42992-5E42-0C2B-DBFE-AA848D06431C}
		{399B2C07-24FC-43F6-BFFA-9B0D31CA6196} = {C8E42992-5E42-0C2B-DBFE-AA848D06431C}
		{981C2CF6-E5BB-602A-511C-234B538302B0} = {827E0CD3-B72D-47B6-A68D-7590B98EB39B}
		{DD87F5FC-84C1-4376-986C-DE35E0A0332A} = {981C2CF6-E5BB-602A-511C-234B538302B0}
		{EC447DCF-ABFA-6E24-52A5-D7FD48A5C558} = {827E0CD3-B72D-47B6-A68D-7590B98EB39B}
		{C30F28AF-A291-4D47-BA19-A37E92020A22} = {EC447DCF-ABFA-6E24-52A5-D7FD48A5C558}
		{DD6EFAA1-D58E-4E4D-8700-23BC0679C8B6} = {EC447DCF-ABFA-6E24-52A5-D7FD48A5C558}
		{398FA3F0-D490-464D-A39F-8D5800671936} = {EC447DCF-ABFA-6E24-52A5-D7FD48A5C558}
		{B48D7B85-CF74-44C6-BF95-3530789CCE2A} = {EC447DCF-ABFA-6E24-52A5-D7FD48A5C558}
		{BF737E1D-BEE5-41C9-A3CD-A57FD6B2B365} = {EC447DCF-ABFA-6E24-52A5-D7FD48A5C558}
		{272BF263-E388-42E1-B0A4-E5D9C76B56D1} = {EC447DCF-ABFA-6E24-52A5-D7FD48A5C558}
		{85EE13E1-76EE-4870-A5A0-3F41650B603B} = {EC447DCF-ABFA-6E24-52A5-D7FD48A5C558}
		{D08C645B-4D47-4219-89D7-F412D809B517} = {EC447DCF-ABFA-6E24-52A5-D7FD48A5C558}
		{5B9C8A9E-AD08-4A05-BADC-16C3A3D8929A} = {EC447DCF-ABFA-6E24-52A5-D7FD48A5C558}
		{06BDCC5B-8135-42EE-A6B4-2FD5E1E7616C} = {EC447DCF-ABFA-6E24-52A5-D7FD48A5C558}
		{F9737E3B-2758-44B1-8BF4-1B192A14498D} = {EC447DCF-ABFA-6E24-52A5-D7FD48A5C558}
	EndGlobalSection
EndGlobal
